
Microsoft Visual Studio Solution File, Format Version 12.00
# Visual Studio 2017
Project("{FAE04EC0-301F-11D3-BF4B-00C04F79EFBC}") = "GraphicsProject1", "GraphicsProject1.csproj", "{B2417B62-F0A7-7B63-FB3C-4FE368435A90}"
EndProject
Global
	GlobalSection(SolutionConfigurationPlatforms) = preSolution
		Debug|Any CPU = Debug|Any CPU
		Release|Any CPU = Release|Any CPU
	EndGlobalSection
	GlobalSection(ProjectConfigurationPlatforms) = postSolution
		{B2417B62-F0A7-7B63-FB3C-4FE368435A90}.Debug|Any CPU.ActiveCfg = Debug|Any CPU
		{B2417B62-F0A7-7B63-FB3C-4FE368435A90}.Debug|Any CPU.Build.0 = Debug|Any CPU
		{B2417B62-F0A7-7B63-FB3C-4FE368435A90}.Release|Any CPU.ActiveCfg = Release|Any CPU
		{B2417B62-F0A7-7B63-FB3C-4FE368435A90}.Release|Any CPU.Build.0 = Release|Any CPU
	EndGlobalSection
	GlobalSection(SolutionProperties) = preSolution
		HideSolutionNode = FALSE
	EndGlobalSection
EndGlobal
